// !$*UTF8*$!
{
	archiveVersion = 1;
	classes = {
	};
	objectVersion = 46;
	objects = {

/* Begin PBXBuildFile section */
		ED34BA901D6C2B4500104DD6 /* main.m in Sources */ = {isa = PBXBuildFile; fileRef = ED34BA8F1D6C2B4500104DD6 /* main.m */; };
		ED34BA931D6C2B4500104DD6 /* AppDelegate.mm in Sources */ = {isa = PBXBuildFile; fileRef = ED34BA921D6C2B4500104DD6 /* AppDelegate.mm */; };
		ED34BA961D6C2B4500104DD6 /* ViewController.m in Sources */ = {isa = PBXBuildFile; fileRef = ED34BA951D6C2B4500104DD6 /* ViewController.m */; };
		ED34BA991D6C2B4500104DD6 /* Main.storyboard in Resources */ = {isa = PBXBuildFile; fileRef = ED34BA971D6C2B4500104DD6 /* Main.storyboard */; };
		ED34BA9B1D6C2B4500104DD6 /* Assets.xcassets in Resources */ = {isa = PBXBuildFile; fileRef = ED34BA9A1D6C2B4500104DD6 /* Assets.xcassets */; };
		ED34BA9E1D6C2B4500104DD6 /* LaunchScreen.storyboard in Resources */ = {isa = PBXBuildFile; fileRef = ED34BA9C1D6C2B4500104DD6 /* LaunchScreen.storyboard */; };
		ED34BAA91D6C2B4500104DD6 /* newMapTests.m in Sources */ = {isa = PBXBuildFile; fileRef = ED34BAA81D6C2B4500104DD6 /* newMapTests.m */; };
		ED34BAB41D6C2B4600104DD6 /* newMapUITests.m in Sources */ = {isa = PBXBuildFile; fileRef = ED34BAB31D6C2B4600104DD6 /* newMapUITests.m */; };
		ED34BAC21D6C2CD000104DD6 /* BaiduMapAPI_Base.framework in Frameworks */ = {isa = PBXBuildFile; fileRef = ED34BAC11D6C2CD000104DD6 /* BaiduMapAPI_Base.framework */; };
		ED34BAC91D6C2D1E00104DD6 /* BaiduMapAPI_Cloud.framework in Frameworks */ = {isa = PBXBuildFile; fileRef = ED34BAC31D6C2D1E00104DD6 /* BaiduMapAPI_Cloud.framework */; };
		ED34BACA1D6C2D1E00104DD6 /* BaiduMapAPI_Location.framework in Frameworks */ = {isa = PBXBuildFile; fileRef = ED34BAC41D6C2D1E00104DD6 /* BaiduMapAPI_Location.framework */; };
		ED34BACB1D6C2D1E00104DD6 /* BaiduMapAPI_Map.framework in Frameworks */ = {isa = PBXBuildFile; fileRef = ED34BAC51D6C2D1E00104DD6 /* BaiduMapAPI_Map.framework */; };
		ED34BACC1D6C2D1E00104DD6 /* BaiduMapAPI_Radar.framework in Frameworks */ = {isa = PBXBuildFile; fileRef = ED34BAC61D6C2D1E00104DD6 /* BaiduMapAPI_Radar.framework */; };
		ED34BACD1D6C2D1E00104DD6 /* BaiduMapAPI_Search.framework in Frameworks */ = {isa = PBXBuildFile; fileRef = ED34BAC71D6C2D1E00104DD6 /* BaiduMapAPI_Search.framework */; };
		ED34BACE1D6C2D1E00104DD6 /* BaiduMapAPI_Utils.framework in Frameworks */ = {isa = PBXBuildFile; fileRef = ED34BAC81D6C2D1E00104DD6 /* BaiduMapAPI_Utils.framework */; };
		ED34BAD01D6C2D4C00104DD6 /* CoreLocation.framework in Frameworks */ = {isa = PBXBuildFile; fileRef = ED34BACF1D6C2D4C00104DD6 /* CoreLocation.framework */; };
		ED34BAD21D6C2D5400104DD6 /* QuartzCore.framework in Frameworks */ = {isa = PBXBuildFile; fileRef = ED34BAD11D6C2D5400104DD6 /* QuartzCore.framework */; };
		ED34BAD41D6C2D5D00104DD6 /* OpenGLES.framework in Frameworks */ = {isa = PBXBuildFile; fileRef = ED34BAD31D6C2D5D00104DD6 /* OpenGLES.framework */; };
		ED34BAD61D6C2D6500104DD6 /* SystemConfiguration.framework in Frameworks */ = {isa = PBXBuildFile; fileRef = ED34BAD51D6C2D6500104DD6 /* SystemConfiguration.framework */; };
		ED34BAD81D6C2D6E00104DD6 /* CoreGraphics.framework in Frameworks */ = {isa = PBXBuildFile; fileRef = ED34BAD71D6C2D6E00104DD6 /* CoreGraphics.framework */; };
		ED34BADA1D6C2D7700104DD6 /* Security.framework in Frameworks */ = {isa = PBXBuildFile; fileRef = ED34BAD91D6C2D7700104DD6 /* Security.framework */; };
		ED34BADC1D6C2D9200104DD6 /* libsqlite3.0.tbd in Frameworks */ = {isa = PBXBuildFile; fileRef = ED34BADB1D6C2D9200104DD6 /* libsqlite3.0.tbd */; };
		ED34BADE1D6C2D9E00104DD6 /* CoreTelephony.framework in Frameworks */ = {isa = PBXBuildFile; fileRef = ED34BADD1D6C2D9E00104DD6 /* CoreTelephony.framework */; };
		ED34BAE01D6C2DA700104DD6 /* libstdc++.6.0.9.tbd in Frameworks */ = {isa = PBXBuildFile; fileRef = ED34BADF1D6C2DA700104DD6 /* libstdc++.6.0.9.tbd */; };
		ED34BAE21D6C2E2C00104DD6 /* mapapi.bundle in Resources */ = {isa = PBXBuildFile; fileRef = ED34BAE11D6C2E2C00104DD6 /* mapapi.bundle */; };
		ED34BAE41D6C510400104DD6 /* sport_path.json in Resources */ = {isa = PBXBuildFile; fileRef = ED34BAE31D6C510400104DD6 /* sport_path.json */; };
		ED34BAE61D6C513000104DD6 /* sportarrow.png in Resources */ = {isa = PBXBuildFile; fileRef = ED34BAE51D6C513000104DD6 /* sportarrow.png */; };
		ED34BAE91D6C531A00104DD6 /* NextViewController.m in Sources */ = {isa = PBXBuildFile; fileRef = ED34BAE81D6C531A00104DD6 /* NextViewController.m */; };
		ED34BAEC1D6C548F00104DD6 /* JSONKit.m in Sources */ = {isa = PBXBuildFile; fileRef = ED34BAEB1D6C548F00104DD6 /* JSONKit.m */; settings = {COMPILER_FLAGS = "-fno-objc-arc"; }; };
		ED34BAEE1D6C5D1000104DD6 /* scrImage.png in Resources */ = {isa = PBXBuildFile; fileRef = ED34BAED1D6C5D1000104DD6 /* scrImage.png */; };
		ED34BAF01D6C5DF100104DD6 /* scrImage2.png in Resources */ = {isa = PBXBuildFile; fileRef = ED34BAEF1D6C5DF100104DD6 /* scrImage2.png */; };
/* End PBXBuildFile section */

/* Begin PBXContainerItemProxy section */
		ED34BAA51D6C2B4500104DD6 /* PBXContainerItemProxy */ = {
			isa = PBXContainerItemProxy;
			containerPortal = ED34BA831D6C2B4500104DD6 /* Project object */;
			proxyType = 1;
			remoteGlobalIDString = ED34BA8A1D6C2B4500104DD6;
			remoteInfo = newMap;
		};
		ED34BAB01D6C2B4600104DD6 /* PBXContainerItemProxy */ = {
			isa = PBXContainerItemProxy;
			containerPortal = ED34BA831D6C2B4500104DD6 /* Project object */;
			proxyType = 1;
			remoteGlobalIDString = ED34BA8A1D6C2B4500104DD6;
			remoteInfo = newMap;
		};
/* End PBXContainerItemProxy section */

/* Begin PBXFileReference section */
		ED34BA8B1D6C2B4500104DD6 /* newMap.app */ = {isa = PBXFileReference; explicitFileType = wrapper.application; includeInIndex = 0; path = newMap.app; sourceTree = BUILT_PRODUCTS_DIR; };
		ED34BA8F1D6C2B4500104DD6 /* main.m */ = {isa = PBXFileReference; lastKnownFileType = sourcecode.c.objc; path = main.m; sourceTree = "<group>"; };
		ED34BA911D6C2B4500104DD6 /* AppDelegate.h */ = {isa = PBXFileReference; lastKnownFileType = sourcecode.c.h; path = AppDelegate.h; sourceTree = "<group>"; };
		ED34BA921D6C2B4500104DD6 /* AppDelegate.mm */ = {isa = PBXFileReference; lastKnownFileType = sourcecode.cpp.objcpp; path = AppDelegate.mm; sourceTree = "<group>"; };
		ED34BA941D6C2B4500104DD6 /* ViewController.h */ = {isa = PBXFileReference; lastKnownFileType = sourcecode.c.h; path = ViewController.h; sourceTree = "<group>"; };
		ED34BA951D6C2B4500104DD6 /* ViewController.m */ = {isa = PBXFileReference; lastKnownFileType = sourcecode.c.objc; path = ViewController.m; sourceTree = "<group>"; };
		ED34BA981D6C2B4500104DD6 /* Base */ = {isa = PBXFileReference; lastKnownFileType = file.storyboard; name = Base; path = Base.lproj/Main.storyboard; sourceTree = "<group>"; };
		ED34BA9A1D6C2B4500104DD6 /* Assets.xcassets */ = {isa = PBXFileReference; lastKnownFileType = folder.assetcatalog; path = Assets.xcassets; sourceTree = "<group>"; };
		ED34BA9D1D6C2B4500104DD6 /* Base */ = {isa = PBXFileReference; lastKnownFileType = file.storyboard; name = Base; path = Base.lproj/LaunchScreen.storyboard; sourceTree = "<group>"; };
		ED34BA9F1D6C2B4500104DD6 /* Info.plist */ = {isa = PBXFileReference; lastKnownFileType = text.plist.xml; path = Info.plist; sourceTree = "<group>"; };
		ED34BAA41D6C2B4500104DD6 /* newMapTests.xctest */ = {isa = PBXFileReference; explicitFileType = wrapper.cfbundle; includeInIndex = 0; path = newMapTests.xctest; sourceTree = BUILT_PRODUCTS_DIR; };
		ED34BAA81D6C2B4500104DD6 /* newMapTests.m */ = {isa = PBXFileReference; lastKnownFileType = sourcecode.c.objc; path = newMapTests.m; sourceTree = "<group>"; };
		ED34BAAA1D6C2B4500104DD6 /* Info.plist */ = {isa = PBXFileReference; lastKnownFileType = text.plist.xml; path = Info.plist; sourceTree = "<group>"; };
		ED34BAAF1D6C2B4600104DD6 /* newMapUITests.xctest */ = {isa = PBXFileReference; explicitFileType = wrapper.cfbundle; includeInIndex = 0; path = newMapUITests.xctest; sourceTree = BUILT_PRODUCTS_DIR; };
		ED34BAB31D6C2B4600104DD6 /* newMapUITests.m */ = {isa = PBXFileReference; lastKnownFileType = sourcecode.c.objc; path = newMapUITests.m; sourceTree = "<group>"; };
		ED34BAB51D6C2B4600104DD6 /* Info.plist */ = {isa = PBXFileReference; lastKnownFileType = text.plist.xml; path = Info.plist; sourceTree = "<group>"; };
		ED34BAC11D6C2CD000104DD6 /* BaiduMapAPI_Base.framework */ = {isa = PBXFileReference; lastKnownFileType = wrapper.framework; name = BaiduMapAPI_Base.framework; path = newMap/BaiduMapAPI_Base.framework; sourceTree = "<group>"; };
		ED34BAC31D6C2D1E00104DD6 /* BaiduMapAPI_Cloud.framework */ = {isa = PBXFileReference; lastKnownFileType = wrapper.framework; name = BaiduMapAPI_Cloud.framework; path = newMap/BaiduMapAPI_Cloud.framework; sourceTree = "<group>"; };
		ED34BAC41D6C2D1E00104DD6 /* BaiduMapAPI_Location.framework */ = {isa = PBXFileReference; lastKnownFileType = wrapper.framework; name = BaiduMapAPI_Location.framework; path = newMap/BaiduMapAPI_Location.framework; sourceTree = "<group>"; };
		ED34BAC51D6C2D1E00104DD6 /* BaiduMapAPI_Map.framework */ = {isa = PBXFileReference; lastKnownFileType = wrapper.framework; name = BaiduMapAPI_Map.framework; path = newMap/BaiduMapAPI_Map.framework; sourceTree = "<group>"; };
		ED34BAC61D6C2D1E00104DD6 /* BaiduMapAPI_Radar.framework */ = {isa = PBXFileReference; lastKnownFileType = wrapper.framework; name = BaiduMapAPI_Radar.framework; path = newMap/BaiduMapAPI_Radar.framework; sourceTree = "<group>"; };
		ED34BAC71D6C2D1E00104DD6 /* BaiduMapAPI_Search.framework */ = {isa = PBXFileReference; lastKnownFileType = wrapper.framework; name = BaiduMapAPI_Search.framework; path = newMap/BaiduMapAPI_Search.framework; sourceTree = "<group>"; };
		ED34BAC81D6C2D1E00104DD6 /* BaiduMapAPI_Utils.framework */ = {isa = PBXFileReference; lastKnownFileType = wrapper.framework; name = BaiduMapAPI_Utils.framework; path = newMap/BaiduMapAPI_Utils.framework; sourceTree = "<group>"; };
		ED34BACF1D6C2D4C00104DD6 /* CoreLocation.framework */ = {isa = PBXFileReference; lastKnownFileType = wrapper.framework; name = CoreLocation.framework; path = System/Library/Frameworks/CoreLocation.framework; sourceTree = SDKROOT; };
		ED34BAD11D6C2D5400104DD6 /* QuartzCore.framework */ = {isa = PBXFileReference; lastKnownFileType = wrapper.framework; name = QuartzCore.framework; path = System/Library/Frameworks/QuartzCore.framework; sourceTree = SDKROOT; };
		ED34BAD31D6C2D5D00104DD6 /* OpenGLES.framework */ = {isa = PBXFileReference; lastKnownFileType = wrapper.framework; name = OpenGLES.framework; path = System/Library/Frameworks/OpenGLES.framework; sourceTree = SDKROOT; };
		ED34BAD51D6C2D6500104DD6 /* SystemConfiguration.framework */ = {isa = PBXFileReference; lastKnownFileType = wrapper.framework; name = SystemConfiguration.framework; path = System/Library/Frameworks/SystemConfiguration.framework; sourceTree = SDKROOT; };
		ED34BAD71D6C2D6E00104DD6 /* CoreGraphics.framework */ = {isa = PBXFileReference; lastKnownFileType = wrapper.framework; name = CoreGraphics.framework; path = System/Library/Frameworks/CoreGraphics.framework; sourceTree = SDKROOT; };
		ED34BAD91D6C2D7700104DD6 /* Security.framework */ = {isa = PBXFileReference; lastKnownFileType = wrapper.framework; name = Security.framework; path = System/Library/Frameworks/Security.framework; sourceTree = SDKROOT; };
		ED34BADB1D6C2D9200104DD6 /* libsqlite3.0.tbd */ = {isa = PBXFileReference; lastKnownFileType = "sourcecode.text-based-dylib-definition"; name = libsqlite3.0.tbd; path = usr/lib/libsqlite3.0.tbd; sourceTree = SDKROOT; };
		ED34BADD1D6C2D9E00104DD6 /* CoreTelephony.framework */ = {isa = PBXFileReference; lastKnownFileType = wrapper.framework; name = CoreTelephony.framework; path = System/Library/Frameworks/CoreTelephony.framework; sourceTree = SDKROOT; };
		ED34BADF1D6C2DA700104DD6 /* libstdc++.6.0.9.tbd */ = {isa = PBXFileReference; lastKnownFileType = "sourcecode.text-based-dylib-definition"; name = "libstdc++.6.0.9.tbd"; path = "usr/lib/libstdc++.6.0.9.tbd"; sourceTree = SDKROOT; };
		ED34BAE11D6C2E2C00104DD6 /* mapapi.bundle */ = {isa = PBXFileReference; lastKnownFileType = "wrapper.plug-in"; path = mapapi.bundle; sourceTree = "<group>"; };
		ED34BAE31D6C510400104DD6 /* sport_path.json */ = {isa = PBXFileReference; fileEncoding = 4; lastKnownFileType = text.json; path = sport_path.json; sourceTree = "<group>"; };
		ED34BAE51D6C513000104DD6 /* sportarrow.png */ = {isa = PBXFileReference; lastKnownFileType = image.png; path = sportarrow.png; sourceTree = "<group>"; };
		ED34BAE71D6C531A00104DD6 /* NextViewController.h */ = {isa = PBXFileReference; fileEncoding = 4; lastKnownFileType = sourcecode.c.h; path = NextViewController.h; sourceTree = "<group>"; };
		ED34BAE81D6C531A00104DD6 /* NextViewController.m */ = {isa = PBXFileReference; fileEncoding = 4; lastKnownFileType = sourcecode.c.objc; path = NextViewController.m; sourceTree = "<group>"; };
		ED34BAEA1D6C548F00104DD6 /* JSONKit.h */ = {isa = PBXFileReference; fileEncoding = 4; lastKnownFileType = sourcecode.c.h; path = JSONKit.h; sourceTree = "<group>"; };
		ED34BAEB1D6C548F00104DD6 /* JSONKit.m */ = {isa = PBXFileReference; fileEncoding = 4; lastKnownFileType = sourcecode.c.objc; path = JSONKit.m; sourceTree = "<group>"; };
		ED34BAED1D6C5D1000104DD6 /* scrImage.png */ = {isa = PBXFileReference; lastKnownFileType = image.png; path = scrImage.png; sourceTree = "<group>"; };
		ED34BAEF1D6C5DF100104DD6 /* scrImage2.png */ = {isa = PBXFileReference; lastKnownFileType = image.png; path = scrImage2.png; sourceTree = "<group>"; };
/* End PBXFileReference section */

/* Begin PBXFrameworksBuildPhase section */
		ED34BA881D6C2B4500104DD6 /* Frameworks */ = {
			isa = PBXFrameworksBuildPhase;
			buildActionMask = 2147483647;
			files = (
				ED34BAE01D6C2DA700104DD6 /* libstdc++.6.0.9.tbd in Frameworks */,
				ED34BADE1D6C2D9E00104DD6 /* CoreTelephony.framework in Frameworks */,
				ED34BADC1D6C2D9200104DD6 /* libsqlite3.0.tbd in Frameworks */,
				ED34BADA1D6C2D7700104DD6 /* Security.framework in Frameworks */,
				ED34BAD81D6C2D6E00104DD6 /* CoreGraphics.framework in Frameworks */,
				ED34BAD61D6C2D6500104DD6 /* SystemConfiguration.framework in Frameworks */,
				ED34BAD41D6C2D5D00104DD6 /* OpenGLES.framework in Frameworks */,
				ED34BAD21D6C2D5400104DD6 /* QuartzCore.framework in Frameworks */,
				ED34BAD01D6C2D4C00104DD6 /* CoreLocation.framework in Frameworks */,
				ED34BAC91D6C2D1E00104DD6 /* BaiduMapAPI_Cloud.framework in Frameworks */,
				ED34BACA1D6C2D1E00104DD6 /* BaiduMapAPI_Location.framework in Frameworks */,
				ED34BACD1D6C2D1E00104DD6 /* BaiduMapAPI_Search.framework in Frameworks */,
				ED34BACC1D6C2D1E00104DD6 /* BaiduMapAPI_Radar.framework in Frameworks */,
				ED34BAC21D6C2CD000104DD6 /* BaiduMapAPI_Base.framework in Frameworks */,
				ED34BACB1D6C2D1E00104DD6 /* BaiduMapAPI_Map.framework in Frameworks */,
				ED34BACE1D6C2D1E00104DD6 /* BaiduMapAPI_Utils.framework in Frameworks */,
			);
			runOnlyForDeploymentPostprocessing = 0;
		};
		ED34BAA11D6C2B4500104DD6 /* Frameworks */ = {
			isa = PBXFrameworksBuildPhase;
			buildActionMask = 2147483647;
			files = (
			);
			runOnlyForDeploymentPostprocessing = 0;
		};
		ED34BAAC1D6C2B4600104DD6 /* Frameworks */ = {
			isa = PBXFrameworksBuildPhase;
			buildActionMask = 2147483647;
			files = (
			);
			runOnlyForDeploymentPostprocessing = 0;
		};
/* End PBXFrameworksBuildPhase section */

/* Begin PBXGroup section */
		ED34BA821D6C2B4500104DD6 = {
			isa = PBXGroup;
			children = (
				ED34BAC11D6C2CD000104DD6 /* BaiduMapAPI_Base.framework */,
				ED34BAC31D6C2D1E00104DD6 /* BaiduMapAPI_Cloud.framework */,
				ED34BAC41D6C2D1E00104DD6 /* BaiduMapAPI_Location.framework */,
				ED34BAC51D6C2D1E00104DD6 /* BaiduMapAPI_Map.framework */,
				ED34BAC61D6C2D1E00104DD6 /* BaiduMapAPI_Radar.framework */,
				ED34BAC71D6C2D1E00104DD6 /* BaiduMapAPI_Search.framework */,
				ED34BAC81D6C2D1E00104DD6 /* BaiduMapAPI_Utils.framework */,
				ED34BADF1D6C2DA700104DD6 /* libstdc++.6.0.9.tbd */,
				ED34BAE11D6C2E2C00104DD6 /* mapapi.bundle */,
				ED34BADD1D6C2D9E00104DD6 /* CoreTelephony.framework */,
				ED34BADB1D6C2D9200104DD6 /* libsqlite3.0.tbd */,
				ED34BAD91D6C2D7700104DD6 /* Security.framework */,
				ED34BAD71D6C2D6E00104DD6 /* CoreGraphics.framework */,
				ED34BAD51D6C2D6500104DD6 /* SystemConfiguration.framework */,
				ED34BAD31D6C2D5D00104DD6 /* OpenGLES.framework */,
				ED34BAD11D6C2D5400104DD6 /* QuartzCore.framework */,
				ED34BACF1D6C2D4C00104DD6 /* CoreLocation.framework */,
				ED34BA8D1D6C2B4500104DD6 /* newMap */,
				ED34BAA71D6C2B4500104DD6 /* newMapTests */,
				ED34BAB21D6C2B4600104DD6 /* newMapUITests */,
				ED34BA8C1D6C2B4500104DD6 /* Products */,
			);
			sourceTree = "<group>";
		};
		ED34BA8C1D6C2B4500104DD6 /* Products */ = {
			isa = PBXGroup;
			children = (
				ED34BA8B1D6C2B4500104DD6 /* newMap.app */,
				ED34BAA41D6C2B4500104DD6 /* newMapTests.xctest */,
				ED34BAAF1D6C2B4600104DD6 /* newMapUITests.xctest */,
			);
			name = Products;
			sourceTree = "<group>";
		};
		ED34BA8D1D6C2B4500104DD6 /* newMap */ = {
			isa = PBXGroup;
			children = (
				ED34BAEA1D6C548F00104DD6 /* JSONKit.h */,
				ED34BAEB1D6C548F00104DD6 /* JSONKit.m */,
				ED34BAED1D6C5D1000104DD6 /* scrImage.png */,
				ED34BAEF1D6C5DF100104DD6 /* scrImage2.png */,
				ED34BAE51D6C513000104DD6 /* sportarrow.png */,
				ED34BAE31D6C510400104DD6 /* sport_path.json */,
				ED34BA911D6C2B4500104DD6 /* AppDelegate.h */,
				ED34BA921D6C2B4500104DD6 /* AppDelegate.mm */,
				ED34BA941D6C2B4500104DD6 /* ViewController.h */,
				ED34BA951D6C2B4500104DD6 /* ViewController.m */,
				ED34BA971D6C2B4500104DD6 /* Main.storyboard */,
				ED34BA9A1D6C2B4500104DD6 /* Assets.xcassets */,
				ED34BA9C1D6C2B4500104DD6 /* LaunchScreen.storyboard */,
				ED34BA9F1D6C2B4500104DD6 /* Info.plist */,
				ED34BA8E1D6C2B4500104DD6 /* Supporting Files */,
				ED34BAE71D6C531A00104DD6 /* NextViewController.h */,
				ED34BAE81D6C531A00104DD6 /* NextViewController.m */,
			);
			path = newMap;
			sourceTree = "<group>";
		};
		ED34BA8E1D6C2B4500104DD6 /* Supporting Files */ = {
			isa = PBXGroup;
			children = (
				ED34BA8F1D6C2B4500104DD6 /* main.m */,
			);
			name = "Supporting Files";
			sourceTree = "<group>";
		};
		ED34BAA71D6C2B4500104DD6 /* newMapTests */ = {
			isa = PBXGroup;
			children = (
				ED34BAA81D6C2B4500104DD6 /* newMapTests.m */,
				ED34BAAA1D6C2B4500104DD6 /* Info.plist */,
			);
			path = newMapTests;
			sourceTree = "<group>";
		};
		ED34BAB21D6C2B4600104DD6 /* newMapUITests */ = {
			isa = PBXGroup;
			children = (
				ED34BAB31D6C2B4600104DD6 /* newMapUITests.m */,
				ED34BAB51D6C2B4600104DD6 /* Info.plist */,
			);
			path = newMapUITests;
			sourceTree = "<group>";
		};
/* End PBXGroup section */

/* Begin PBXNativeTarget section */
		ED34BA8A1D6C2B4500104DD6 /* newMap */ = {
			isa = PBXNativeTarget;
			buildConfigurationList = ED34BAB81D6C2B4600104DD6 /* Build configuration list for PBXNativeTarget "newMap" */;
			buildPhases = (
				ED34BA871D6C2B4500104DD6 /* Sources */,
				ED34BA881D6C2B4500104DD6 /* Frameworks */,
				ED34BA891D6C2B4500104DD6 /* Resources */,
			);
			buildRules = (
			);
			dependencies = (
			);
			name = newMap;
			productName = newMap;
			productReference = ED34BA8B1D6C2B4500104DD6 /* newMap.app */;
			productType = "com.apple.product-type.application";
		};
		ED34BAA31D6C2B4500104DD6 /* newMapTests */ = {
			isa = PBXNativeTarget;
			buildConfigurationList = ED34BABB1D6C2B4600104DD6 /* Build configuration list for PBXNativeTarget "newMapTests" */;
			buildPhases = (
				ED34BAA01D6C2B4500104DD6 /* Sources */,
				ED34BAA11D6C2B4500104DD6 /* Frameworks */,
				ED34BAA21D6C2B4500104DD6 /* Resources */,
			);
			buildRules = (
			);
			dependencies = (
				ED34BAA61D6C2B4500104DD6 /* PBXTargetDependency */,
			);
			name = newMapTests;
			productName = newMapTests;
			productReference = ED34BAA41D6C2B4500104DD6 /* newMapTests.xctest */;
			productType = "com.apple.product-type.bundle.unit-test";
		};
		ED34BAAE1D6C2B4600104DD6 /* newMapUITests */ = {
			isa = PBXNativeTarget;
			buildConfigurationList = ED34BABE1D6C2B4600104DD6 /* Build configuration list for PBXNativeTarget "newMapUITests" */;
			buildPhases = (
				ED34BAAB1D6C2B4600104DD6 /* Sources */,
				ED34BAAC1D6C2B4600104DD6 /* Frameworks */,
				ED34BAAD1D6C2B4600104DD6 /* Resources */,
			);
			buildRules = (
			);
			dependencies = (
				ED34BAB11D6C2B4600104DD6 /* PBXTargetDependency */,
			);
			name = newMapUITests;
			productName = newMapUITests;
			productReference = ED34BAAF1D6C2B4600104DD6 /* newMapUITests.xctest */;
			productType = "com.apple.product-type.bundle.ui-testing";
		};
/* End PBXNativeTarget section */

/* Begin PBXProject section */
		ED34BA831D6C2B4500104DD6 /* Project object */ = {
			isa = PBXProject;
			attributes = {
				LastUpgradeCheck = 0730;
				ORGANIZATIONNAME = "zkml-wxj";
				TargetAttributes = {
					ED34BA8A1D6C2B4500104DD6 = {
						CreatedOnToolsVersion = 7.3.1;
						DevelopmentTeam = L9XC5KTHNC;
					};
					ED34BAA31D6C2B4500104DD6 = {
						CreatedOnToolsVersion = 7.3.1;
						DevelopmentTeam = L9XC5KTHNC;
						TestTargetID = ED34BA8A1D6C2B4500104DD6;
					};
					ED34BAAE1D6C2B4600104DD6 = {
						CreatedOnToolsVersion = 7.3.1;
						DevelopmentTeam = L9XC5KTHNC;
						TestTargetID = ED34BA8A1D6C2B4500104DD6;
					};
				};
			};
			buildConfigurationList = ED34BA861D6C2B4500104DD6 /* Build configuration list for PBXProject "newMap" */;
			compatibilityVersion = "Xcode 3.2";
			developmentRegion = English;
			hasScannedForEncodings = 0;
			knownRegions = (
				en,
				Base,
			);
			mainGroup = ED34BA821D6C2B4500104DD6;
			productRefGroup = ED34BA8C1D6C2B4500104DD6 /* Products */;
			projectDirPath = "";
			projectRoot = "";
			targets = (
				ED34BA8A1D6C2B4500104DD6 /* newMap */,
				ED34BAA31D6C2B4500104DD6 /* newMapTests */,
				ED34BAAE1D6C2B4600104DD6 /* newMapUITests */,
			);
		};
/* End PBXProject section */

/* Begin PBXResourcesBuildPhase section */
		ED34BA891D6C2B4500104DD6 /* Resources */ = {
			isa = PBXResourcesBuildPhase;
			buildActionMask = 2147483647;
			files = (
				ED34BAE61D6C513000104DD6 /* sportarrow.png in Resources */,
				ED34BAE41D6C510400104DD6 /* sport_path.json in Resources */,
				ED34BA9E1D6C2B4500104DD6 /* LaunchScreen.storyboard in Resources */,
				ED34BAE21D6C2E2C00104DD6 /* mapapi.bundle in Resources */,
				ED34BAEE1D6C5D1000104DD6 /* scrImage.png in Resources */,
				ED34BAF01D6C5DF100104DD6 /* scrImage2.png in Resources */,
				ED34BA9B1D6C2B4500104DD6 /* Assets.xcassets in Resources */,
				ED34BA991D6C2B4500104DD6 /* Main.storyboard in Resources */,
			);
			runOnlyForDeploymentPostprocessing = 0;
		};
		ED34BAA21D6C2B4500104DD6 /* Resources */ = {
			isa = PBXResourcesBuildPhase;
			buildActionMask = 2147483647;
			files = (
			);
			runOnlyForDeploymentPostprocessing = 0;
		};
		ED34BAAD1D6C2B4600104DD6 /* Resources */ = {
			isa = PBXResourcesBuildPhase;
			buildActionMask = 2147483647;
			files = (
			);
			runOnlyForDeploymentPostprocessing = 0;
		};
/* End PBXResourcesBuildPhase section */

/* Begin PBXSourcesBuildPhase section */
		ED34BA871D6C2B4500104DD6 /* Sources */ = {
			isa = PBXSourcesBuildPhase;
			buildActionMask = 2147483647;
			files = (
				ED34BA961D6C2B4500104DD6 /* ViewController.m in Sources */,
				ED34BAE91D6C531A00104DD6 /* NextViewController.m in Sources */,
				ED34BA931D6C2B4500104DD6 /* AppDelegate.mm in Sources */,
				ED34BA901D6C2B4500104DD6 /* main.m in Sources */,
				ED34BAEC1D6C548F00104DD6 /* JSONKit.m in Sources */,
			);
			runOnlyForDeploymentPostprocessing = 0;
		};
		ED34BAA01D6C2B4500104DD6 /* Sources */ = {
			isa = PBXSourcesBuildPhase;
			buildActionMask = 2147483647;
			files = (
				ED34BAA91D6C2B4500104DD6 /* newMapTests.m in Sources */,
			);
			runOnlyForDeploymentPostprocessing = 0;
		};
		ED34BAAB1D6C2B4600104DD6 /* Sources */ = {
			isa = PBXSourcesBuildPhase;
			buildActionMask = 2147483647;
			files = (
				ED34BAB41D6C2B4600104DD6 /* newMapUITests.m in Sources */,
			);
			runOnlyForDeploymentPostprocessing = 0;
		};
/* End PBXSourcesBuildPhase section */

/* Begin PBXTargetDependency section */
		ED34BAA61D6C2B4500104DD6 /* PBXTargetDependency */ = {
			isa = PBXTargetDependency;
			target = ED34BA8A1D6C2B4500104DD6 /* newMap */;
			targetProxy = ED34BAA51D6C2B4500104DD6 /* PBXContainerItemProxy */;
		};
		ED34BAB11D6C2B4600104DD6 /* PBXTargetDependency */ = {
			isa = PBXTargetDependency;
			target = ED34BA8A1D6C2B4500104DD6 /* newMap */;
			targetProxy = ED34BAB01D6C2B4600104DD6 /* PBXContainerItemProxy */;
		};
/* End PBXTargetDependency section */

/* Begin PBXVariantGroup section */
		ED34BA971D6C2B4500104DD6 /* Main.storyboard */ = {
			isa = PBXVariantGroup;
			children = (
				ED34BA981D6C2B4500104DD6 /* Base */,
			);
			name = Main.storyboard;
			sourceTree = "<group>";
		};
		ED34BA9C1D6C2B4500104DD6 /* LaunchScreen.storyboard */ = {
			isa = PBXVariantGroup;
			children = (
				ED34BA9D1D6C2B4500104DD6 /* Base */,
			);
			name = LaunchScreen.storyboard;
			sourceTree = "<group>";
		};
/* End PBXVariantGroup section */

/* Begin XCBuildConfiguration section */
		ED34BAB61D6C2B4600104DD6 /* Debug */ = {
			isa = XCBuildConfiguration;
			buildSettings = {
				ALWAYS_SEARCH_USER_PATHS = NO;
				CLANG_ANALYZER_NONNULL = YES;
				CLANG_CXX_LANGUAGE_STANDARD = "gnu++0x";
				CLANG_CXX_LIBRARY = "libc++";
				CLANG_ENABLE_MODULES = YES;
				CLANG_ENABLE_OBJC_ARC = YES;
				CLANG_WARN_BOOL_CONVERSION = YES;
				CLANG_WARN_CONSTANT_CONVERSION = YES;
				CLANG_WARN_DIRECT_OBJC_ISA_USAGE = YES_ERROR;
				CLANG_WARN_EMPTY_BODY = YES;
				CLANG_WARN_ENUM_CONVERSION = YES;
				CLANG_WARN_INT_CONVERSION = YES;
				CLANG_WARN_OBJC_ROOT_CLASS = YES_ERROR;
				CLANG_WARN_UNREACHABLE_CODE = YES;
				CLANG_WARN__DUPLICATE_METHOD_MATCH = YES;
				"CODE_SIGN_IDENTITY[sdk=iphoneos*]" = "iPhone Developer";
				COPY_PHASE_STRIP = NO;
				DEBUG_INFORMATION_FORMAT = dwarf;
				ENABLE_STRICT_OBJC_MSGSEND = YES;
				ENABLE_TESTABILITY = YES;
				GCC_C_LANGUAGE_STANDARD = gnu99;
				GCC_DYNAMIC_NO_PIC = NO;
				GCC_NO_COMMON_BLOCKS = YES;
				GCC_OPTIMIZATION_LEVEL = 0;
				GCC_PREPROCESSOR_DEFINITIONS = (
					"DEBUG=1",
					"$(inherited)",
				);
				GCC_WARN_64_TO_32_BIT_CONVERSION = YES;
				GCC_WARN_ABOUT_RETURN_TYPE = YES_ERROR;
				GCC_WARN_UNDECLARED_SELECTOR = YES;
				GCC_WARN_UNINITIALIZED_AUTOS = YES_AGGRESSIVE;
				GCC_WARN_UNUSED_FUNCTION = YES;
				GCC_WARN_UNUSED_VARIABLE = YES;
				IPHONEOS_DEPLOYMENT_TARGET = 9.3;
				MTL_ENABLE_DEBUG_INFO = YES;
				ONLY_ACTIVE_ARCH = YES;
				SDKROOT = iphoneos;
				TARGETED_DEVICE_FAMILY = "1,2";
			};
			name = Debug;
		};
		ED34BAB71D6C2B4600104DD6 /* Release */ = {
			isa = XCBuildConfiguration;
			buildSettings = {
				ALWAYS_SEARCH_USER_PATHS = NO;
				CLANG_ANALYZER_NONNULL = YES;
				CLANG_CXX_LANGUAGE_STANDARD = "gnu++0x";
				CLANG_CXX_LIBRARY = "libc++";
				CLANG_ENABLE_MODULES = YES;
				CLANG_ENABLE_OBJC_ARC = YES;
				CLANG_WARN_BOOL_CONVERSION = YES;
				CLANG_WARN_CONSTANT_CONVERSION = YES;
				CLANG_WARN_DIRECT_OBJC_ISA_USAGE = YES_ERROR;
				CLANG_WARN_EMPTY_BODY = YES;
				CLANG_WARN_ENUM_CONVERSION = YES;
				CLANG_WARN_INT_CONVERSION = YES;
				CLANG_WARN_OBJC_ROOT_CLASS = YES_ERROR;
				CLANG_WARN_UNREACHABLE_CODE = YES;
				CLANG_WARN__DUPLICATE_METHOD_MATCH = YES;
				"CODE_SIGN_IDENTITY[sdk=iphoneos*]" = "iPhone Developer";
				COPY_PHASE_STRIP = NO;
				DEBUG_INFORMATION_FORMAT = "dwarf-with-dsym";
				ENABLE_NS_ASSERTIONS = NO;
				ENABLE_STRICT_OBJC_MSGSEND = YES;
				GCC_C_LANGUAGE_STANDARD = gnu99;
				GCC_NO_COMMON_BLOCKS = YES;
				GCC_WARN_64_TO_32_BIT_CONVERSION = YES;
				GCC_WARN_ABOUT_RETURN_TYPE = YES_ERROR;
				GCC_WARN_UNDECLARED_SELECTOR = YES;
				GCC_WARN_UNINITIALIZED_AUTOS = YES_AGGRESSIVE;
				GCC_WARN_UNUSED_FUNCTION = YES;
				GCC_WARN_UNUSED_VARIABLE = YES;
				IPHONEOS_DEPLOYMENT_TARGET = 9.3;
				MTL_ENABLE_DEBUG_INFO = NO;
				SDKROOT = iphoneos;
				TARGETED_DEVICE_FAMILY = "1,2";
				VALIDATE_PRODUCT = YES;
			};
			name = Release;
		};
		ED34BAB91D6C2B4600104DD6 /* Debug */ = {
			isa = XCBuildConfiguration;
			buildSettings = {
				ASSETCATALOG_COMPILER_APPICON_NAME = AppIcon;
				CODE_SIGN_IDENTITY = "iPhone Developer: NanTing Ding (5G8R562X5S)";
				"CODE_SIGN_IDENTITY[sdk=iphoneos*]" = "iPhone Developer: NanTing Ding (5G8R562X5S)";
				FRAMEWORK_SEARCH_PATHS = (
					"$(inherited)",
					"$(PROJECT_DIR)/newMap",
				);
				INFOPLIST_FILE = newMap/Info.plist;
				IPHONEOS_DEPLOYMENT_TARGET = 9.2;
				LD_RUNPATH_SEARCH_PATHS = "$(inherited) @executable_path/Frameworks";
				OTHER_LDFLAGS = "-ObjC";
				PRODUCT_BUNDLE_IDENTIFIER = zkml.newMap;
				PRODUCT_NAME = "$(TARGET_NAME)";
				PROVISIONING_PROFILE = "a1e7633d-1161-4512-8d75-689a313ea7f9";
			};
			name = Debug;
		};
		ED34BABA1D6C2B4600104DD6 /* Release */ = {
			isa = XCBuildConfiguration;
			buildSettings = {
				ASSETCATALOG_COMPILER_APPICON_NAME = AppIcon;
				CODE_SIGN_IDENTITY = "iPhone Developer: NanTing Ding (5G8R562X5S)";
				"CODE_SIGN_IDENTITY[sdk=iphoneos*]" = "iPhone Developer: NanTing Ding (5G8R562X5S)";
				FRAMEWORK_SEARCH_PATHS = (
					"$(inherited)",
					"$(PROJECT_DIR)/newMap",
				);
				INFOPLIST_FILE = newMap/Info.plist;
				IPHONEOS_DEPLOYMENT_TARGET = 9.2;
				LD_RUNPATH_SEARCH_PATHS = "$(inherited) @executable_path/Frameworks";
				OTHER_LDFLAGS = "-ObjC";
				PRODUCT_BUNDLE_IDENTIFIER = zkml.newMap;
				PRODUCT_NAME = "$(TARGET_NAME)";
				PROVISIONING_PROFILE = "a1e7633d-1161-4512-8d75-689a313ea7f9";
			};
			name = Release;
		};
		ED34BABC1D6C2B4600104DD6 /* Debug */ = {
			isa = XCBuildConfiguration;
			buildSettings = {
				BUNDLE_LOADER = "$(TEST_HOST)";
				INFOPLIST_FILE = newMapTests/Info.plist;
				LD_RUNPATH_SEARCH_PATHS = "$(inherited) @executable_path/Frameworks @loader_path/Frameworks";
				PRODUCT_BUNDLE_IDENTIFIER = zkml.newMapTests;
				PRODUCT_NAME = "$(TARGET_NAME)";
				TEST_HOST = "$(BUILT_PRODUCTS_DIR)/newMap.app/newMap";
			};
			name = Debug;
		};
		ED34BABD1D6C2B4600104DD6 /* Release */ = {
			isa = XCBuildConfiguration;
			buildSettings = {
				BUNDLE_LOADER = "$(TEST_HOST)";
				INFOPLIST_FILE = newMapTests/Info.plist;
				LD_RUNPATH_SEARCH_PATHS = "$(inherited) @executable_path/Frameworks @loader_path/Frameworks";
				PRODUCT_BUNDLE_IDENTIFIER = zkml.newMapTests;
				PRODUCT_NAME = "$(TARGET_NAME)";
				TEST_HOST = "$(BUILT_PRODUCTS_DIR)/newMap.app/newMap";
			};
			name = Release;
		};
		ED34BABF1D6C2B4600104DD6 /* Debug */ = {
			isa = XCBuildConfiguration;
			buildSettings = {
				INFOPLIST_FILE = newMapUITests/Info.plist;
				LD_RUNPATH_SEARCH_PATHS = "$(inherited) @executable_path/Frameworks @loader_path/Frameworks";
				PRODUCT_BUNDLE_IDENTIFIER = zkml.newMapUITests;
				PRODUCT_NAME = "$(TARGET_NAME)";
				TEST_TARGET_NAME = newMap;
			};
			name = Debug;
		};
		ED34BAC01D6C2B4600104DD6 /* Release */ = {
			isa = XCBuildConfiguration;
			buildSettings = {
				INFOPLIST_FILE = newMapUITests/Info.plist;
				LD_RUNPATH_SEARCH_PATHS = "$(inherited) @executable_path/Frameworks @loader_path/Frameworks";
				PRODUCT_BUNDLE_IDENTIFIER = zkml.newMapUITests;
				PRODUCT_NAME = "$(TARGET_NAME)";
				TEST_TARGET_NAME = newMap;
			};
			name = Release;
		};
/* End XCBuildConfiguration section */

/* Begin XCConfigurationList section */
		ED34BA861D6C2B4500104DD6 /* Build configuration list for PBXProject "newMap" */ = {
			isa = XCConfigurationList;
			buildConfigurations = (
				ED34BAB61D6C2B4600104DD6 /* Debug */,
				ED34BAB71D6C2B4600104DD6 /* Release */,
			);
			defaultConfigurationIsVisible = 0;
			defaultConfigurationName = Release;
		};
		ED34BAB81D6C2B4600104DD6 /* Build configuration list for PBXNativeTarget "newMap" */ = {
			isa = XCConfigurationList;
			buildConfigurations = (
				ED34BAB91D6C2B4600104DD6 /* Debug */,
				ED34BABA1D6C2B4600104DD6 /* Release */,
			);
			defaultConfigurationIsVisible = 0;
			defaultConfigurationName = Release;
		};
		ED34BABB1D6C2B4600104DD6 /* Build configuration list for PBXNativeTarget "newMapTests" */ = {
			isa = XCConfigurationList;
			buildConfigurations = (
				ED34BABC1D6C2B4600104DD6 /* Debug */,
				ED34BABD1D6C2B4600104DD6 /* Release */,
			);
			defaultConfigurationIsVisible = 0;
			defaultConfigurationName = Release;
		};
		ED34BABE1D6C2B4600104DD6 /* Build configuration list for PBXNativeTarget "newMapUITests" */ = {
			isa = XCConfigurationList;
			buildConfigurations = (
				ED34BABF1D6C2B4600104DD6 /* Debug */,
				ED34BAC01D6C2B4600104DD6 /* Release */,
			);
			defaultConfigurationIsVisible = 0;
			defaultConfigurationName = Release;
		};
/* End XCConfigurationList section */
	};
	rootObject = ED34BA831D6C2B4500104DD6 /* Project object */;
}
